// !$*UTF8*$!
{
	archiveVersion = 1;
	classes = {
	};
	objectVersion = 55;
	objects = {

/* Begin PBXBuildFile section */
		4076AD4C28B016BB00952750 /* AllRules.swift in Sources */ = {isa = PBXBuildFile; fileRef = 4076AD4B28B016BB00952750 /* AllRules.swift */; };
		40F0C3B128B017AD00B3EB3E /* Rule.swift in Sources */ = {isa = PBXBuildFile; fileRef = 40F0C3B028B017AD00B3EB3E /* Rule.swift */; };
		40F0C3B328B01C0200B3EB3E /* RuleController.swift in Sources */ = {isa = PBXBuildFile; fileRef = 40F0C3B228B01C0200B3EB3E /* RuleController.swift */; };
		40F0C3B528B0277700B3EB3E /* SimpleTableViewCell.swift in Sources */ = {isa = PBXBuildFile; fileRef = 40F0C3B428B0277700B3EB3E /* SimpleTableViewCell.swift */; };
		40F0C3B728B02ABD00B3EB3E /* DetailViewController.swift in Sources */ = {isa = PBXBuildFile; fileRef = 40F0C3B628B02ABD00B3EB3E /* DetailViewController.swift */; };
		40F795C928AEFE7D009E26AA /* AppDelegate.swift in Sources */ = {isa = PBXBuildFile; fileRef = 40F795C828AEFE7D009E26AA /* AppDelegate.swift */; };
		40F795CB28AEFE86009E26AA /* Coordinator.swift in Sources */ = {isa = PBXBuildFile; fileRef = 40F795CA28AEFE86009E26AA /* Coordinator.swift */; };
		40F795CF28AEFEA0009E26AA /* Reachability.swift in Sources */ = {isa = PBXBuildFile; fileRef = 40F795CC28AEFEA0009E26AA /* Reachability.swift */; };
		40F795D028AEFEA0009E26AA /* APIStrings.swift in Sources */ = {isa = PBXBuildFile; fileRef = 40F795CD28AEFEA0009E26AA /* APIStrings.swift */; };
		40F795D128AEFEA0009E26AA /* APIWrapper.swift in Sources */ = {isa = PBXBuildFile; fileRef = 40F795CE28AEFEA0009E26AA /* APIWrapper.swift */; };
		40F795D528AEFEA6009E26AA /* Constants.swift in Sources */ = {isa = PBXBuildFile; fileRef = 40F795D228AEFEA6009E26AA /* Constants.swift */; };
		40F795D628AEFEA6009E26AA /* MagicStrings.swift in Sources */ = {isa = PBXBuildFile; fileRef = 40F795D328AEFEA6009E26AA /* MagicStrings.swift */; };
		40F795D728AEFEA6009E26AA /* Notifications.swift in Sources */ = {isa = PBXBuildFile; fileRef = 40F795D428AEFEA6009E26AA /* Notifications.swift */; };
		40F795D928AEFEAD009E26AA /* CustomError.swift in Sources */ = {isa = PBXBuildFile; fileRef = 40F795D828AEFEAD009E26AA /* CustomError.swift */; };
		40F795DB28AEFEB3009E26AA /* CrashlyticsHelper.swift in Sources */ = {isa = PBXBuildFile; fileRef = 40F795DA28AEFEB3009E26AA /* CrashlyticsHelper.swift */; };
		40F795DF28AEFEBD009E26AA /* Alerts.swift in Sources */ = {isa = PBXBuildFile; fileRef = 40F795DC28AEFEBD009E26AA /* Alerts.swift */; };
		40F795E028AEFEBD009E26AA /* LoadingIcon.swift in Sources */ = {isa = PBXBuildFile; fileRef = 40F795DD28AEFEBD009E26AA /* LoadingIcon.swift */; };
		40F795E128AEFEBD009E26AA /* Toast.swift in Sources */ = {isa = PBXBuildFile; fileRef = 40F795DE28AEFEBD009E26AA /* Toast.swift */; };
		40F795ED28AEFEE4009E26AA /* UITableView.swift in Sources */ = {isa = PBXBuildFile; fileRef = 40F795E328AEFEE4009E26AA /* UITableView.swift */; };
		40F795EE28AEFEE4009E26AA /* UITextField.swift in Sources */ = {isa = PBXBuildFile; fileRef = 40F795E428AEFEE4009E26AA /* UITextField.swift */; };
		40F795F028AEFEE4009E26AA /* UIStackView.swift in Sources */ = {isa = PBXBuildFile; fileRef = 40F795E628AEFEE4009E26AA /* UIStackView.swift */; };
		40F795F128AEFEE4009E26AA /* UIView.swift in Sources */ = {isa = PBXBuildFile; fileRef = 40F795E728AEFEE4009E26AA /* UIView.swift */; };
		40F795F228AEFEE4009E26AA /* UIButton.swift in Sources */ = {isa = PBXBuildFile; fileRef = 40F795E828AEFEE4009E26AA /* UIButton.swift */; };
		40F795F328AEFEE4009E26AA /* UICollectionView.swift in Sources */ = {isa = PBXBuildFile; fileRef = 40F795E928AEFEE4009E26AA /* UICollectionView.swift */; };
		40F795F528AEFEE4009E26AA /* UILabel.swift in Sources */ = {isa = PBXBuildFile; fileRef = 40F795EB28AEFEE4009E26AA /* UILabel.swift */; };
		40F795F628AEFEE4009E26AA /* UIImageView.swift in Sources */ = {isa = PBXBuildFile; fileRef = 40F795EC28AEFEE4009E26AA /* UIImageView.swift */; };
		40F795F928AEFF73009E26AA /* Assets.xcassets in Resources */ = {isa = PBXBuildFile; fileRef = 40F795F828AEFF73009E26AA /* Assets.xcassets */; };
		40F795FB28AEFFF1009E26AA /* UIImage.swift in Sources */ = {isa = PBXBuildFile; fileRef = 40F795FA28AEFFF0009E26AA /* UIImage.swift */; };
		40F795FD28AF0006009E26AA /* UIColor.swift in Sources */ = {isa = PBXBuildFile; fileRef = 40F795FC28AF0006009E26AA /* UIColor.swift */; };
		40F795FF28AF000F009E26AA /* Colors.xcassets in Resources */ = {isa = PBXBuildFile; fileRef = 40F795FE28AF000F009E26AA /* Colors.xcassets */; };
		40F7960228AF00E7009E26AA /* NoInternetViewController.swift in Sources */ = {isa = PBXBuildFile; fileRef = 40F7960128AF00E7009E26AA /* NoInternetViewController.swift */; };
		40F7960428AF00F1009E26AA /* BaseViewController.swift in Sources */ = {isa = PBXBuildFile; fileRef = 40F7960328AF00F1009E26AA /* BaseViewController.swift */; };
		40F7960828AF03BB009E26AA /* FontNames.swift in Sources */ = {isa = PBXBuildFile; fileRef = 40F7960728AF03BB009E26AA /* FontNames.swift */; };
		40F7960A28AF03D0009E26AA /* String.swift in Sources */ = {isa = PBXBuildFile; fileRef = 40F7960928AF03D0009E26AA /* String.swift */; };
		40F7960E28AF052F009E26AA /* Collection.swift in Sources */ = {isa = PBXBuildFile; fileRef = 40F7960D28AF052F009E26AA /* Collection.swift */; };
		40FD429E28B00D690091C2EF /* MainViewController.swift in Sources */ = {isa = PBXBuildFile; fileRef = 40FD429D28B00D690091C2EF /* MainViewController.swift */; };
		40FD42A028B0135A0091C2EF /* Encodable.swift in Sources */ = {isa = PBXBuildFile; fileRef = 40FD429F28B0135A0091C2EF /* Encodable.swift */; };
		40FD42A228B014560091C2EF /* LaunchScreen.storyboard in Resources */ = {isa = PBXBuildFile; fileRef = 40FD42A128B014560091C2EF /* LaunchScreen.storyboard */; };
		D1B7924BE606DAA799591937 /* Pods_LiveFrontProject.framework in Frameworks */ = {isa = PBXBuildFile; fileRef = D746D5ED570BB803C8C045B4 /* Pods_LiveFrontProject.framework */; };
/* End PBXBuildFile section */

/* Begin PBXFileReference section */
		4076AD4B28B016BB00952750 /* AllRules.swift */ = {isa = PBXFileReference; lastKnownFileType = sourcecode.swift; path = AllRules.swift; sourceTree = "<group>"; };
		40F0C3B028B017AD00B3EB3E /* Rule.swift */ = {isa = PBXFileReference; lastKnownFileType = sourcecode.swift; path = Rule.swift; sourceTree = "<group>"; };
		40F0C3B228B01C0200B3EB3E /* RuleController.swift */ = {isa = PBXFileReference; lastKnownFileType = sourcecode.swift; path = RuleController.swift; sourceTree = "<group>"; };
		40F0C3B428B0277700B3EB3E /* SimpleTableViewCell.swift */ = {isa = PBXFileReference; lastKnownFileType = sourcecode.swift; path = SimpleTableViewCell.swift; sourceTree = "<group>"; };
		40F0C3B628B02ABD00B3EB3E /* DetailViewController.swift */ = {isa = PBXFileReference; lastKnownFileType = sourcecode.swift; path = DetailViewController.swift; sourceTree = "<group>"; };
		40F795A328AEFC8E009E26AA /* LiveFrontProject.app */ = {isa = PBXFileReference; explicitFileType = wrapper.application; includeInIndex = 0; path = LiveFrontProject.app; sourceTree = BUILT_PRODUCTS_DIR; };
		40F795B428AEFC91009E26AA /* Info.plist */ = {isa = PBXFileReference; lastKnownFileType = text.plist.xml; path = Info.plist; sourceTree = "<group>"; };
		40F795C828AEFE7D009E26AA /* AppDelegate.swift */ = {isa = PBXFileReference; fileEncoding = 4; lastKnownFileType = sourcecode.swift; path = AppDelegate.swift; sourceTree = "<group>"; };
		40F795CA28AEFE86009E26AA /* Coordinator.swift */ = {isa = PBXFileReference; fileEncoding = 4; lastKnownFileType = sourcecode.swift; path = Coordinator.swift; sourceTree = "<group>"; };
		40F795CC28AEFEA0009E26AA /* Reachability.swift */ = {isa = PBXFileReference; fileEncoding = 4; lastKnownFileType = sourcecode.swift; path = Reachability.swift; sourceTree = "<group>"; };
		40F795CD28AEFEA0009E26AA /* APIStrings.swift */ = {isa = PBXFileReference; fileEncoding = 4; lastKnownFileType = sourcecode.swift; path = APIStrings.swift; sourceTree = "<group>"; };
		40F795CE28AEFEA0009E26AA /* APIWrapper.swift */ = {isa = PBXFileReference; fileEncoding = 4; lastKnownFileType = sourcecode.swift; path = APIWrapper.swift; sourceTree = "<group>"; };
		40F795D228AEFEA6009E26AA /* Constants.swift */ = {isa = PBXFileReference; fileEncoding = 4; lastKnownFileType = sourcecode.swift; path = Constants.swift; sourceTree = "<group>"; };
		40F795D328AEFEA6009E26AA /* MagicStrings.swift */ = {isa = PBXFileReference; fileEncoding = 4; lastKnownFileType = sourcecode.swift; path = MagicStrings.swift; sourceTree = "<group>"; };
		40F795D428AEFEA6009E26AA /* Notifications.swift */ = {isa = PBXFileReference; fileEncoding = 4; lastKnownFileType = sourcecode.swift; path = Notifications.swift; sourceTree = "<group>"; };
		40F795D828AEFEAD009E26AA /* CustomError.swift */ = {isa = PBXFileReference; fileEncoding = 4; lastKnownFileType = sourcecode.swift; path = CustomError.swift; sourceTree = "<group>"; };
		40F795DA28AEFEB3009E26AA /* CrashlyticsHelper.swift */ = {isa = PBXFileReference; fileEncoding = 4; lastKnownFileType = sourcecode.swift; path = CrashlyticsHelper.swift; sourceTree = "<group>"; };
		40F795DC28AEFEBD009E26AA /* Alerts.swift */ = {isa = PBXFileReference; fileEncoding = 4; lastKnownFileType = sourcecode.swift; path = Alerts.swift; sourceTree = "<group>"; };
		40F795DD28AEFEBD009E26AA /* LoadingIcon.swift */ = {isa = PBXFileReference; fileEncoding = 4; lastKnownFileType = sourcecode.swift; path = LoadingIcon.swift; sourceTree = "<group>"; };
		40F795DE28AEFEBD009E26AA /* Toast.swift */ = {isa = PBXFileReference; fileEncoding = 4; lastKnownFileType = sourcecode.swift; path = Toast.swift; sourceTree = "<group>"; };
		40F795E328AEFEE4009E26AA /* UITableView.swift */ = {isa = PBXFileReference; fileEncoding = 4; lastKnownFileType = sourcecode.swift; path = UITableView.swift; sourceTree = "<group>"; };
		40F795E428AEFEE4009E26AA /* UITextField.swift */ = {isa = PBXFileReference; fileEncoding = 4; lastKnownFileType = sourcecode.swift; path = UITextField.swift; sourceTree = "<group>"; };
		40F795E628AEFEE4009E26AA /* UIStackView.swift */ = {isa = PBXFileReference; fileEncoding = 4; lastKnownFileType = sourcecode.swift; path = UIStackView.swift; sourceTree = "<group>"; };
		40F795E728AEFEE4009E26AA /* UIView.swift */ = {isa = PBXFileReference; fileEncoding = 4; lastKnownFileType = sourcecode.swift; path = UIView.swift; sourceTree = "<group>"; };
		40F795E828AEFEE4009E26AA /* UIButton.swift */ = {isa = PBXFileReference; fileEncoding = 4; lastKnownFileType = sourcecode.swift; path = UIButton.swift; sourceTree = "<group>"; };
		40F795E928AEFEE4009E26AA /* UICollectionView.swift */ = {isa = PBXFileReference; fileEncoding = 4; lastKnownFileType = sourcecode.swift; path = UICollectionView.swift; sourceTree = "<group>"; };
		40F795EB28AEFEE4009E26AA /* UILabel.swift */ = {isa = PBXFileReference; fileEncoding = 4; lastKnownFileType = sourcecode.swift; path = UILabel.swift; sourceTree = "<group>"; };
		40F795EC28AEFEE4009E26AA /* UIImageView.swift */ = {isa = PBXFileReference; fileEncoding = 4; lastKnownFileType = sourcecode.swift; path = UIImageView.swift; sourceTree = "<group>"; };
		40F795F828AEFF73009E26AA /* Assets.xcassets */ = {isa = PBXFileReference; lastKnownFileType = folder.assetcatalog; path = Assets.xcassets; sourceTree = "<group>"; };
		40F795FA28AEFFF0009E26AA /* UIImage.swift */ = {isa = PBXFileReference; fileEncoding = 4; lastKnownFileType = sourcecode.swift; path = UIImage.swift; sourceTree = "<group>"; };
		40F795FC28AF0006009E26AA /* UIColor.swift */ = {isa = PBXFileReference; fileEncoding = 4; lastKnownFileType = sourcecode.swift; path = UIColor.swift; sourceTree = "<group>"; };
		40F795FE28AF000F009E26AA /* Colors.xcassets */ = {isa = PBXFileReference; lastKnownFileType = folder.assetcatalog; path = Colors.xcassets; sourceTree = "<group>"; };
		40F7960128AF00E7009E26AA /* NoInternetViewController.swift */ = {isa = PBXFileReference; fileEncoding = 4; lastKnownFileType = sourcecode.swift; path = NoInternetViewController.swift; sourceTree = "<group>"; };
		40F7960328AF00F1009E26AA /* BaseViewController.swift */ = {isa = PBXFileReference; fileEncoding = 4; lastKnownFileType = sourcecode.swift; path = BaseViewController.swift; sourceTree = "<group>"; };
		40F7960728AF03BB009E26AA /* FontNames.swift */ = {isa = PBXFileReference; fileEncoding = 4; lastKnownFileType = sourcecode.swift; path = FontNames.swift; sourceTree = "<group>"; };
		40F7960928AF03D0009E26AA /* String.swift */ = {isa = PBXFileReference; fileEncoding = 4; lastKnownFileType = sourcecode.swift; path = String.swift; sourceTree = "<group>"; };
		40F7960D28AF052F009E26AA /* Collection.swift */ = {isa = PBXFileReference; fileEncoding = 4; lastKnownFileType = sourcecode.swift; path = Collection.swift; sourceTree = "<group>"; };
		40FD429D28B00D690091C2EF /* MainViewController.swift */ = {isa = PBXFileReference; lastKnownFileType = sourcecode.swift; path = MainViewController.swift; sourceTree = "<group>"; };
		40FD429F28B0135A0091C2EF /* Encodable.swift */ = {isa = PBXFileReference; fileEncoding = 4; lastKnownFileType = sourcecode.swift; path = Encodable.swift; sourceTree = "<group>"; };
		40FD42A128B014560091C2EF /* LaunchScreen.storyboard */ = {isa = PBXFileReference; fileEncoding = 4; lastKnownFileType = file.storyboard; path = LaunchScreen.storyboard; sourceTree = "<group>"; };
		D746D5ED570BB803C8C045B4 /* Pods_LiveFrontProject.framework */ = {isa = PBXFileReference; explicitFileType = wrapper.framework; includeInIndex = 0; path = Pods_LiveFrontProject.framework; sourceTree = BUILT_PRODUCTS_DIR; };
		DE642FBC5098EC2EEF7DFB3F /* Pods-LiveFrontProject.release.xcconfig */ = {isa = PBXFileReference; includeInIndex = 1; lastKnownFileType = text.xcconfig; name = "Pods-LiveFrontProject.release.xcconfig"; path = "Target Support Files/Pods-LiveFrontProject/Pods-LiveFrontProject.release.xcconfig"; sourceTree = "<group>"; };
		F2A62B330FE91E7AD61AC5C9 /* Pods-LiveFrontProject.debug.xcconfig */ = {isa = PBXFileReference; includeInIndex = 1; lastKnownFileType = text.xcconfig; name = "Pods-LiveFrontProject.debug.xcconfig"; path = "Target Support Files/Pods-LiveFrontProject/Pods-LiveFrontProject.debug.xcconfig"; sourceTree = "<group>"; };
/* End PBXFileReference section */

/* Begin PBXFrameworksBuildPhase section */
		40F795A028AEFC8E009E26AA /* Frameworks */ = {
			isa = PBXFrameworksBuildPhase;
			buildActionMask = 2147483647;
			files = (
				D1B7924BE606DAA799591937 /* Pods_LiveFrontProject.framework in Frameworks */,
			);
			runOnlyForDeploymentPostprocessing = 0;
		};
/* End PBXFrameworksBuildPhase section */

/* Begin PBXGroup section */
		096BCE35633368E3F704057A /* Frameworks */ = {
			isa = PBXGroup;
			children = (
				D746D5ED570BB803C8C045B4 /* Pods_LiveFrontProject.framework */,
			);
			name = Frameworks;
			sourceTree = "<group>";
		};
		40F7959A28AEFC8E009E26AA = {
			isa = PBXGroup;
			children = (
				40F795A528AEFC8E009E26AA /* LiveFrontProject */,
				40F795A428AEFC8E009E26AA /* Products */,
				7D0F08032531BBAE5FE8DDCB /* Pods */,
				096BCE35633368E3F704057A /* Frameworks */,
			);
			sourceTree = "<group>";
		};
		40F795A428AEFC8E009E26AA /* Products */ = {
			isa = PBXGroup;
			children = (
				40F795A328AEFC8E009E26AA /* LiveFrontProject.app */,
			);
			name = Products;
			sourceTree = "<group>";
		};
		40F795A528AEFC8E009E26AA /* LiveFrontProject */ = {
			isa = PBXGroup;
			children = (
				40F795BD28AEFDE9009E26AA /* View Controllers */,
				40F795C028AEFE16009E26AA /* Custom Views */,
				40F795BF28AEFE14009E26AA /* Models */,
				40F795BE28AEFE0E009E26AA /* Model Controllers */,
				40F795BC28AEFDE2009E26AA /* Helpers */,
				40F795BA28AEFDD5009E26AA /* Resources */,
				40F7960628AF039B009E26AA /* Assets */,
			);
			path = LiveFrontProject;
			sourceTree = "<group>";
		};
		40F795BA28AEFDD5009E26AA /* Resources */ = {
			isa = PBXGroup;
			children = (
				40F795C828AEFE7D009E26AA /* AppDelegate.swift */,
				40F795CA28AEFE86009E26AA /* Coordinator.swift */,
				40FD42A128B014560091C2EF /* LaunchScreen.storyboard */,
				40F795B428AEFC91009E26AA /* Info.plist */,
			);
			path = Resources;
			sourceTree = "<group>";
		};
		40F795BC28AEFDE2009E26AA /* Helpers */ = {
			isa = PBXGroup;
			children = (
				40F795C328AEFE3E009E26AA /* APIs */,
				40F795C428AEFE42009E26AA /* Errors & Error Handling */,
				40F795C528AEFE49009E26AA /* Constants */,
				40F795C728AEFE5A009E26AA /* Extensions */,
				40F795C628AEFE53009E26AA /* UX Elements */,
			);
			path = Helpers;
			sourceTree = "<group>";
		};
		40F795BD28AEFDE9009E26AA /* View Controllers */ = {
			isa = PBXGroup;
			children = (
				40F795C128AEFE21009E26AA /* Templates */,
				40F795C228AEFE26009E26AA /* Main */,
				40F795F728AEFEFE009E26AA /* Misc */,
			);
			path = "View Controllers";
			sourceTree = "<group>";
		};
		40F795BE28AEFE0E009E26AA /* Model Controllers */ = {
			isa = PBXGroup;
			children = (
				40F0C3B228B01C0200B3EB3E /* RuleController.swift */,
			);
			path = "Model Controllers";
			sourceTree = "<group>";
		};
		40F795BF28AEFE14009E26AA /* Models */ = {
			isa = PBXGroup;
			children = (
				4076AD4B28B016BB00952750 /* AllRules.swift */,
				40F0C3B028B017AD00B3EB3E /* Rule.swift */,
			);
			path = Models;
			sourceTree = "<group>";
		};
		40F795C028AEFE16009E26AA /* Custom Views */ = {
			isa = PBXGroup;
			children = (
				40F0C3B428B0277700B3EB3E /* SimpleTableViewCell.swift */,
				40F795E228AEFEDA009E26AA /* Extensions */,
			);
			path = "Custom Views";
			sourceTree = "<group>";
		};
		40F795C128AEFE21009E26AA /* Templates */ = {
			isa = PBXGroup;
			children = (
				40F7960328AF00F1009E26AA /* BaseViewController.swift */,
			);
			path = Templates;
			sourceTree = "<group>";
		};
		40F795C228AEFE26009E26AA /* Main */ = {
			isa = PBXGroup;
			children = (
				40FD429D28B00D690091C2EF /* MainViewController.swift */,
				40F0C3B628B02ABD00B3EB3E /* DetailViewController.swift */,
			);
			path = Main;
			sourceTree = "<group>";
		};
		40F795C328AEFE3E009E26AA /* APIs */ = {
			isa = PBXGroup;
			children = (
				40F795CD28AEFEA0009E26AA /* APIStrings.swift */,
				40F795CE28AEFEA0009E26AA /* APIWrapper.swift */,
				40F795CC28AEFEA0009E26AA /* Reachability.swift */,
			);
			path = APIs;
			sourceTree = "<group>";
		};
		40F795C428AEFE42009E26AA /* Errors & Error Handling */ = {
			isa = PBXGroup;
			children = (
				40F795DA28AEFEB3009E26AA /* CrashlyticsHelper.swift */,
				40F795D828AEFEAD009E26AA /* CustomError.swift */,
			);
			path = "Errors & Error Handling";
			sourceTree = "<group>";
		};
		40F795C528AEFE49009E26AA /* Constants */ = {
			isa = PBXGroup;
			children = (
				40F795D228AEFEA6009E26AA /* Constants.swift */,
				40F795D328AEFEA6009E26AA /* MagicStrings.swift */,
				40F795D428AEFEA6009E26AA /* Notifications.swift */,
			);
			path = Constants;
			sourceTree = "<group>";
		};
		40F795C628AEFE53009E26AA /* UX Elements */ = {
			isa = PBXGroup;
			children = (
				40F795DC28AEFEBD009E26AA /* Alerts.swift */,
				40F795DD28AEFEBD009E26AA /* LoadingIcon.swift */,
				40F795DE28AEFEBD009E26AA /* Toast.swift */,
			);
			path = "UX Elements";
			sourceTree = "<group>";
		};
		40F795C728AEFE5A009E26AA /* Extensions */ = {
			isa = PBXGroup;
			children = (
				40F7960D28AF052F009E26AA /* Collection.swift */,
				40F7960928AF03D0009E26AA /* String.swift */,
				40FD429F28B0135A0091C2EF /* Encodable.swift */,
			);
			path = Extensions;
			sourceTree = "<group>";
		};
		40F795E228AEFEDA009E26AA /* Extensions */ = {
			isa = PBXGroup;
			children = (
				40F795E828AEFEE4009E26AA /* UIButton.swift */,
				40F795E928AEFEE4009E26AA /* UICollectionView.swift */,
				40F795EC28AEFEE4009E26AA /* UIImageView.swift */,
				40F795EB28AEFEE4009E26AA /* UILabel.swift */,
				40F795E628AEFEE4009E26AA /* UIStackView.swift */,
				40F795E328AEFEE4009E26AA /* UITableView.swift */,
				40F795E428AEFEE4009E26AA /* UITextField.swift */,
				40F795E728AEFEE4009E26AA /* UIView.swift */,
			);
			path = Extensions;
			sourceTree = "<group>";
		};
		40F795F728AEFEFE009E26AA /* Misc */ = {
			isa = PBXGroup;
			children = (
				40F7960128AF00E7009E26AA /* NoInternetViewController.swift */,
			);
			path = Misc;
			sourceTree = "<group>";
		};
		40F7960628AF039B009E26AA /* Assets */ = {
			isa = PBXGroup;
			children = (
				40F7960728AF03BB009E26AA /* FontNames.swift */,
				40F795FC28AF0006009E26AA /* UIColor.swift */,
				40F795FE28AF000F009E26AA /* Colors.xcassets */,
				40F795FA28AEFFF0009E26AA /* UIImage.swift */,
				40F795F828AEFF73009E26AA /* Assets.xcassets */,
			);
			path = Assets;
			sourceTree = "<group>";
		};
		7D0F08032531BBAE5FE8DDCB /* Pods */ = {
			isa = PBXGroup;
			children = (
				F2A62B330FE91E7AD61AC5C9 /* Pods-LiveFrontProject.debug.xcconfig */,
				DE642FBC5098EC2EEF7DFB3F /* Pods-LiveFrontProject.release.xcconfig */,
			);
			path = Pods;
			sourceTree = "<group>";
		};
/* End PBXGroup section */

/* Begin PBXNativeTarget section */
		40F795A228AEFC8E009E26AA /* LiveFrontProject */ = {
			isa = PBXNativeTarget;
			buildConfigurationList = 40F795B728AEFC91009E26AA /* Build configuration list for PBXNativeTarget "LiveFrontProject" */;
			buildPhases = (
				53C90D03DBFEE29C1CE970C0 /* [CP] Check Pods Manifest.lock */,
				40F7959F28AEFC8E009E26AA /* Sources */,
				40F795A028AEFC8E009E26AA /* Frameworks */,
				40F795A128AEFC8E009E26AA /* Resources */,
				40F7960528AF024F009E26AA /* Swift Lint */,
			);
			buildRules = (
			);
			dependencies = (
			);
			name = LiveFrontProject;
			productName = LiveFrontProject;
			productReference = 40F795A328AEFC8E009E26AA /* LiveFrontProject.app */;
			productType = "com.apple.product-type.application";
		};
/* End PBXNativeTarget section */

/* Begin PBXProject section */
		40F7959B28AEFC8E009E26AA /* Project object */ = {
			isa = PBXProject;
			attributes = {
				BuildIndependentTargetsInParallel = 1;
				LastSwiftUpdateCheck = 1340;
				LastUpgradeCheck = 1340;
				TargetAttributes = {
					40F795A228AEFC8E009E26AA = {
						CreatedOnToolsVersion = 13.4.1;
						LastSwiftMigration = 1340;
					};
				};
			};
			buildConfigurationList = 40F7959E28AEFC8E009E26AA /* Build configuration list for PBXProject "LiveFrontProject" */;
			compatibilityVersion = "Xcode 13.0";
			developmentRegion = en;
			hasScannedForEncodings = 0;
			knownRegions = (
				en,
				Base,
			);
			mainGroup = 40F7959A28AEFC8E009E26AA;
			productRefGroup = 40F795A428AEFC8E009E26AA /* Products */;
			projectDirPath = "";
			projectRoot = "";
			targets = (
				40F795A228AEFC8E009E26AA /* LiveFrontProject */,
			);
		};
/* End PBXProject section */

/* Begin PBXResourcesBuildPhase section */
		40F795A128AEFC8E009E26AA /* Resources */ = {
			isa = PBXResourcesBuildPhase;
			buildActionMask = 2147483647;
			files = (
				40FD42A228B014560091C2EF /* LaunchScreen.storyboard in Resources */,
				40F795F928AEFF73009E26AA /* Assets.xcassets in Resources */,
				40F795FF28AF000F009E26AA /* Colors.xcassets in Resources */,
			);
			runOnlyForDeploymentPostprocessing = 0;
		};
/* End PBXResourcesBuildPhase section */

/* Begin PBXShellScriptBuildPhase section */
		40F7960528AF024F009E26AA /* Swift Lint */ = {
			isa = PBXShellScriptBuildPhase;
			buildActionMask = 2147483647;
			files = (
			);
			inputFileListPaths = (
			);
			inputPaths = (
			);
			name = "Swift Lint";
			outputFileListPaths = (
			);
			outputPaths = (
			);
			runOnlyForDeploymentPostprocessing = 0;
			shellPath = /bin/sh;
			shellScript = "\"${PODS_ROOT}/SwiftLint/swiftlint\"\n";
		};
		53C90D03DBFEE29C1CE970C0 /* [CP] Check Pods Manifest.lock */ = {
			isa = PBXShellScriptBuildPhase;
			buildActionMask = 2147483647;
			files = (
			);
			inputFileListPaths = (
			);
			inputPaths = (
				"${PODS_PODFILE_DIR_PATH}/Podfile.lock",
				"${PODS_ROOT}/Manifest.lock",
			);
			name = "[CP] Check Pods Manifest.lock";
			outputFileListPaths = (
			);
			outputPaths = (
				"$(DERIVED_FILE_DIR)/Pods-LiveFrontProject-checkManifestLockResult.txt",
			);
			runOnlyForDeploymentPostprocessing = 0;
			shellPath = /bin/sh;
			shellScript = "diff \"${PODS_PODFILE_DIR_PATH}/Podfile.lock\" \"${PODS_ROOT}/Manifest.lock\" > /dev/null\nif [ $? != 0 ] ; then\n    # print error to STDERR\n    echo \"error: The sandbox is not in sync with the Podfile.lock. Run 'pod install' or update your CocoaPods installation.\" >&2\n    exit 1\nfi\n# This output is used by Xcode 'outputs' to avoid re-running this script phase.\necho \"SUCCESS\" > \"${SCRIPT_OUTPUT_FILE_0}\"\n";
			showEnvVarsInLog = 0;
		};
/* End PBXShellScriptBuildPhase section */

/* Begin PBXSourcesBuildPhase section */
		40F7959F28AEFC8E009E26AA /* Sources */ = {
			isa = PBXSourcesBuildPhase;
			buildActionMask = 2147483647;
			files = (
				40F795E128AEFEBD009E26AA /* Toast.swift in Sources */,
				40F795FB28AEFFF1009E26AA /* UIImage.swift in Sources */,
				40F795D728AEFEA6009E26AA /* Notifications.swift in Sources */,
				40F7960A28AF03D0009E26AA /* String.swift in Sources */,
				40F795F028AEFEE4009E26AA /* UIStackView.swift in Sources */,
				40F795D628AEFEA6009E26AA /* MagicStrings.swift in Sources */,
				40F7960828AF03BB009E26AA /* FontNames.swift in Sources */,
				40F795CB28AEFE86009E26AA /* Coordinator.swift in Sources */,
				40FD429E28B00D690091C2EF /* MainViewController.swift in Sources */,
				40F7960E28AF052F009E26AA /* Collection.swift in Sources */,
				40F7960228AF00E7009E26AA /* NoInternetViewController.swift in Sources */,
				40F795E028AEFEBD009E26AA /* LoadingIcon.swift in Sources */,
				40F795F228AEFEE4009E26AA /* UIButton.swift in Sources */,
				40F795DB28AEFEB3009E26AA /* CrashlyticsHelper.swift in Sources */,
				40F795D128AEFEA0009E26AA /* APIWrapper.swift in Sources */,
				40F0C3B528B0277700B3EB3E /* SimpleTableViewCell.swift in Sources */,
				40F0C3B328B01C0200B3EB3E /* RuleController.swift in Sources */,
				40F795FD28AF0006009E26AA /* UIColor.swift in Sources */,
				40F795C928AEFE7D009E26AA /* AppDelegate.swift in Sources */,
				40F795F328AEFEE4009E26AA /* UICollectionView.swift in Sources */,
				40F795D928AEFEAD009E26AA /* CustomError.swift in Sources */,
				40FD42A028B0135A0091C2EF /* Encodable.swift in Sources */,
				40F795CF28AEFEA0009E26AA /* Reachability.swift in Sources */,
				40F795F528AEFEE4009E26AA /* UILabel.swift in Sources */,
				40F795D028AEFEA0009E26AA /* APIStrings.swift in Sources */,
				4076AD4C28B016BB00952750 /* AllRules.swift in Sources */,
				40F795EE28AEFEE4009E26AA /* UITextField.swift in Sources */,
				40F0C3B728B02ABD00B3EB3E /* DetailViewController.swift in Sources */,
				40F795DF28AEFEBD009E26AA /* Alerts.swift in Sources */,
				40F7960428AF00F1009E26AA /* BaseViewController.swift in Sources */,
				40F795F628AEFEE4009E26AA /* UIImageView.swift in Sources */,
				40F795D528AEFEA6009E26AA /* Constants.swift in Sources */,
				40F0C3B128B017AD00B3EB3E /* Rule.swift in Sources */,
				40F795F128AEFEE4009E26AA /* UIView.swift in Sources */,
				40F795ED28AEFEE4009E26AA /* UITableView.swift in Sources */,
			);
			runOnlyForDeploymentPostprocessing = 0;
		};
/* End PBXSourcesBuildPhase section */

/* Begin XCBuildConfiguration section */
		40F795B528AEFC91009E26AA /* Debug */ = {
			isa = XCBuildConfiguration;
			buildSettings = {
				ALWAYS_SEARCH_USER_PATHS = NO;
				CLANG_ANALYZER_NONNULL = YES;
				CLANG_ANALYZER_NUMBER_OBJECT_CONVERSION = YES_AGGRESSIVE;
				CLANG_CXX_LANGUAGE_STANDARD = "gnu++17";
				CLANG_ENABLE_MODULES = YES;
				CLANG_ENABLE_OBJC_ARC = YES;
				CLANG_ENABLE_OBJC_WEAK = YES;
				CLANG_WARN_BLOCK_CAPTURE_AUTORELEASING = YES;
				CLANG_WARN_BOOL_CONVERSION = YES;
				CLANG_WARN_COMMA = YES;
				CLANG_WARN_CONSTANT_CONVERSION = YES;
				CLANG_WARN_DEPRECATED_OBJC_IMPLEMENTATIONS = YES;
				CLANG_WARN_DIRECT_OBJC_ISA_USAGE = YES_ERROR;
				CLANG_WARN_DOCUMENTATION_COMMENTS = YES;
				CLANG_WARN_EMPTY_BODY = YES;
				CLANG_WARN_ENUM_CONVERSION = YES;
				CLANG_WARN_INFINITE_RECURSION = YES;
				CLANG_WARN_INT_CONVERSION = YES;
				CLANG_WARN_NON_LITERAL_NULL_CONVERSION = YES;
				CLANG_WARN_OBJC_IMPLICIT_RETAIN_SELF = YES;
				CLANG_WARN_OBJC_LITERAL_CONVERSION = YES;
				CLANG_WARN_OBJC_ROOT_CLASS = YES_ERROR;
				CLANG_WARN_QUOTED_INCLUDE_IN_FRAMEWORK_HEADER = YES;
				CLANG_WARN_RANGE_LOOP_ANALYSIS = YES;
				CLANG_WARN_STRICT_PROTOTYPES = YES;
				CLANG_WARN_SUSPICIOUS_MOVE = YES;
				CLANG_WARN_UNGUARDED_AVAILABILITY = YES_AGGRESSIVE;
				CLANG_WARN_UNREACHABLE_CODE = YES;
				CLANG_WARN__DUPLICATE_METHOD_MATCH = YES;
				COPY_PHASE_STRIP = NO;
				DEBUG_INFORMATION_FORMAT = dwarf;
				ENABLE_STRICT_OBJC_MSGSEND = YES;
				ENABLE_TESTABILITY = YES;
				GCC_C_LANGUAGE_STANDARD = gnu11;
				GCC_DYNAMIC_NO_PIC = NO;
				GCC_NO_COMMON_BLOCKS = YES;
				GCC_OPTIMIZATION_LEVEL = 0;
				GCC_PREPROCESSOR_DEFINITIONS = (
					"DEBUG=1",
					"$(inherited)",
				);
				GCC_WARN_64_TO_32_BIT_CONVERSION = YES;
				GCC_WARN_ABOUT_RETURN_TYPE = YES_ERROR;
				GCC_WARN_UNDECLARED_SELECTOR = YES;
				GCC_WARN_UNINITIALIZED_AUTOS = YES_AGGRESSIVE;
				GCC_WARN_UNUSED_FUNCTION = YES;
				GCC_WARN_UNUSED_VARIABLE = YES;
				IPHONEOS_DEPLOYMENT_TARGET = 15.5;
				MTL_ENABLE_DEBUG_INFO = INCLUDE_SOURCE;
				MTL_FAST_MATH = YES;
				ONLY_ACTIVE_ARCH = YES;
				SDKROOT = iphoneos;
				SWIFT_ACTIVE_COMPILATION_CONDITIONS = DEBUG;
				SWIFT_OPTIMIZATION_LEVEL = "-Onone";
			};
			name = Debug;
		};
		40F795B628AEFC91009E26AA /* Release */ = {
			isa = XCBuildConfiguration;
			buildSettings = {
				ALWAYS_SEARCH_USER_PATHS = NO;
				CLANG_ANALYZER_NONNULL = YES;
				CLANG_ANALYZER_NUMBER_OBJECT_CONVERSION = YES_AGGRESSIVE;
				CLANG_CXX_LANGUAGE_STANDARD = "gnu++17";
				CLANG_ENABLE_MODULES = YES;
				CLANG_ENABLE_OBJC_ARC = YES;
				CLANG_ENABLE_OBJC_WEAK = YES;
				CLANG_WARN_BLOCK_CAPTURE_AUTORELEASING = YES;
				CLANG_WARN_BOOL_CONVERSION = YES;
				CLANG_WARN_COMMA = YES;
				CLANG_WARN_CONSTANT_CONVERSION = YES;
				CLANG_WARN_DEPRECATED_OBJC_IMPLEMENTATIONS = YES;
				CLANG_WARN_DIRECT_OBJC_ISA_USAGE = YES_ERROR;
				CLANG_WARN_DOCUMENTATION_COMMENTS = YES;
				CLANG_WARN_EMPTY_BODY = YES;
				CLANG_WARN_ENUM_CONVERSION = YES;
				CLANG_WARN_INFINITE_RECURSION = YES;
				CLANG_WARN_INT_CONVERSION = YES;
				CLANG_WARN_NON_LITERAL_NULL_CONVERSION = YES;
				CLANG_WARN_OBJC_IMPLICIT_RETAIN_SELF = YES;
				CLANG_WARN_OBJC_LITERAL_CONVERSION = YES;
				CLANG_WARN_OBJC_ROOT_CLASS = YES_ERROR;
				CLANG_WARN_QUOTED_INCLUDE_IN_FRAMEWORK_HEADER = YES;
				CLANG_WARN_RANGE_LOOP_ANALYSIS = YES;
				CLANG_WARN_STRICT_PROTOTYPES = YES;
				CLANG_WARN_SUSPICIOUS_MOVE = YES;
				CLANG_WARN_UNGUARDED_AVAILABILITY = YES_AGGRESSIVE;
				CLANG_WARN_UNREACHABLE_CODE = YES;
				CLANG_WARN__DUPLICATE_METHOD_MATCH = YES;
				COPY_PHASE_STRIP = NO;
				DEBUG_INFORMATION_FORMAT = "dwarf-with-dsym";
				ENABLE_NS_ASSERTIONS = NO;
				ENABLE_STRICT_OBJC_MSGSEND = YES;
				GCC_C_LANGUAGE_STANDARD = gnu11;
				GCC_NO_COMMON_BLOCKS = YES;
				GCC_WARN_64_TO_32_BIT_CONVERSION = YES;
				GCC_WARN_ABOUT_RETURN_TYPE = YES_ERROR;
				GCC_WARN_UNDECLARED_SELECTOR = YES;
				GCC_WARN_UNINITIALIZED_AUTOS = YES_AGGRESSIVE;
				GCC_WARN_UNUSED_FUNCTION = YES;
				GCC_WARN_UNUSED_VARIABLE = YES;
				IPHONEOS_DEPLOYMENT_TARGET = 15.5;
				MTL_ENABLE_DEBUG_INFO = NO;
				MTL_FAST_MATH = YES;
				SDKROOT = iphoneos;
				SWIFT_COMPILATION_MODE = wholemodule;
				SWIFT_OPTIMIZATION_LEVEL = "-O";
				VALIDATE_PRODUCT = YES;
			};
			name = Release;
		};
		40F795B828AEFC91009E26AA /* Debug */ = {
			isa = XCBuildConfiguration;
			baseConfigurationReference = F2A62B330FE91E7AD61AC5C9 /* Pods-LiveFrontProject.debug.xcconfig */;
			buildSettings = {
				ASSETCATALOG_COMPILER_APPICON_NAME = AppIcon;
				ASSETCATALOG_COMPILER_GLOBAL_ACCENT_COLOR_NAME = AccentColor;
				CLANG_ENABLE_MODULES = YES;
				CODE_SIGN_STYLE = Automatic;
				CURRENT_PROJECT_VERSION = 1;
				DEVELOPMENT_TEAM = 6H72455656;
				GENERATE_INFOPLIST_FILE = YES;
				INFOPLIST_FILE = LiveFrontProject/Resources/Info.plist;
				INFOPLIST_KEY_UIApplicationSupportsIndirectInputEvents = YES;
				INFOPLIST_KEY_UILaunchStoryboardName = LaunchScreen;
				INFOPLIST_KEY_UISupportedInterfaceOrientations_iPad = "UIInterfaceOrientationPortrait UIInterfaceOrientationPortraitUpsideDown UIInterfaceOrientationLandscapeLeft UIInterfaceOrientationLandscapeRight";
				INFOPLIST_KEY_UISupportedInterfaceOrientations_iPhone = "UIInterfaceOrientationPortrait UIInterfaceOrientationLandscapeLeft UIInterfaceOrientationLandscapeRight";
				INFOPLIST_KEY_UIUserInterfaceStyle = Light;
				LD_RUNPATH_SEARCH_PATHS = (
					"$(inherited)",
					"@executable_path/Frameworks",
				);
				MARKETING_VERSION = 1.0;
				PRODUCT_BUNDLE_IDENTIFIER = com.draeker.LiveFrontProject;
				PRODUCT_NAME = "$(TARGET_NAME)";
				SWIFT_EMIT_LOC_STRINGS = YES;
				SWIFT_OPTIMIZATION_LEVEL = "-Onone";
				SWIFT_VERSION = 5.0;
				TARGETED_DEVICE_FAMILY = "1,2";
			};
			name = Debug;
		};
		40F795B928AEFC91009E26AA /* Release */ = {
			isa = XCBuildConfiguration;
			baseConfigurationReference = DE642FBC5098EC2EEF7DFB3F /* Pods-LiveFrontProject.release.xcconfig */;
			buildSettings = {
				ASSETCATALOG_COMPILER_APPICON_NAME = AppIcon;
				ASSETCATALOG_COMPILER_GLOBAL_ACCENT_COLOR_NAME = AccentColor;
				CLANG_ENABLE_MODULES = YES;
				CODE_SIGN_STYLE = Automatic;
				CURRENT_PROJECT_VERSION = 1;
				DEVELOPMENT_TEAM = 6H72455656;
				GENERATE_INFOPLIST_FILE = YES;
				INFOPLIST_FILE = LiveFrontProject/Resources/Info.plist;
				INFOPLIST_KEY_UIApplicationSupportsIndirectInputEvents = YES;
				INFOPLIST_KEY_UILaunchStoryboardName = LaunchScreen;
				INFOPLIST_KEY_UISupportedInterfaceOrientations_iPad = "UIInterfaceOrientationPortrait UIInterfaceOrientationPortraitUpsideDown UIInterfaceOrientationLandscapeLeft UIInterfaceOrientationLandscapeRight";
				INFOPLIST_KEY_UISupportedInterfaceOrientations_iPhone = "UIInterfaceOrientationPortrait UIInterfaceOrientationLandscapeLeft UIInterfaceOrientationLandscapeRight";
				INFOPLIST_KEY_UIUserInterfaceStyle = Light;
				LD_RUNPATH_SEARCH_PATHS = (
					"$(inherited)",
					"@executable_path/Frameworks",
				);
				MARKETING_VERSION = 1.0;
				PRODUCT_BUNDLE_IDENTIFIER = com.draeker.LiveFrontProject;
				PRODUCT_NAME = "$(TARGET_NAME)";
				SWIFT_EMIT_LOC_STRINGS = YES;
				SWIFT_VERSION = 5.0;
				TARGETED_DEVICE_FAMILY = "1,2";
			};
			name = Release;
		};
/* End XCBuildConfiguration section */

/* Begin XCConfigurationList section */
		40F7959E28AEFC8E009E26AA /* Build configuration list for PBXProject "LiveFrontProject" */ = {
			isa = XCConfigurationList;
			buildConfigurations = (
				40F795B528AEFC91009E26AA /* Debug */,
				40F795B628AEFC91009E26AA /* Release */,
			);
			defaultConfigurationIsVisible = 0;
			defaultConfigurationName = Release;
		};
		40F795B728AEFC91009E26AA /* Build configuration list for PBXNativeTarget "LiveFrontProject" */ = {
			isa = XCConfigurationList;
			buildConfigurations = (
				40F795B828AEFC91009E26AA /* Debug */,
				40F795B928AEFC91009E26AA /* Release */,
			);
			defaultConfigurationIsVisible = 0;
			defaultConfigurationName = Release;
		};
/* End XCConfigurationList section */
	};
	rootObject = 40F7959B28AEFC8E009E26AA /* Project object */;
}
